{
  "name": "print-bench-site",
  "lockfileVersion": 3,
  "requires": true,
  "packages": {
    "": {
      "name": "print-bench-site",
      "dependencies": {
        "@dicebear/adventurer": "9.4.2",
        "@dicebear/avataaars": "9.4.2",
        "@dicebear/bottts": "9.4.2",
        "@dicebear/bottts-neutral": "9.4.2",
        "@dicebear/core": "9.4.3",
        "@dicebear/identicon": "9.4.2",
        "@dicebear/lorelei": "9.4.2",
        "@dicebear/micah": "9.4.2",
        "@dicebear/notionists": "9.4.2",
        "@dicebear/open-peeps": "9.4.2",
        "@dicebear/rings": "9.4.2",
        "@dicebear/shapes": "9.4.2",
        "@dicebear/thumbs": "9.4.2",
        "dejavu-fonts-ttf": "^2.37.3",
        "marked": "^16.4.0",
        "openscad-wasm": "^0.0.4",
        "three": "^0.170.0"
      }
    },
    "node_modules/@dicebear/adventurer": {
      "version": "9.4.2",
      "resolved": "https://registry.npmjs.org/@dicebear/adventurer/-/adventurer-9.4.2.tgz",
      "integrity": "sha512-jqYp834ZmGDA9HBBDQAdgF1O2UTCwHF4vVrktXWa2Dppp1JczPL5HnVOWsjtrLmXNn61Wd6OLmBb2e6rhzp3ig==",
      "license": "(MIT AND CC-BY-4.0)",
      "engines": {
        "node": ">=18.0.0"
      },
      "peerDependencies": {
        "@dicebear/core": "^9.0.0"
      }
    },
    "node_modules/@dicebear/avataaars": {
      "version": "9.4.2",
      "resolved": "https://registry.npmjs.org/@dicebear/avataaars/-/avataaars-9.4.2.tgz",
      "integrity": "sha512-3x9jKFkOkFSPmpTbt9xvhiU2E1GX7beCSsX0tXRUShj8x6+5Ks9yBRT1VlkySbnXrZ/GglADGg7vJ/D2uIx1Yw==",
      "license": "See LICENSE file",
      "engines": {
        "node": ">=18.0.0"
      },
      "peerDependencies": {
        "@dicebear/core": "^9.0.0"
      }
    },
    "node_modules/@dicebear/bottts": {
      "version": "9.4.2",
      "resolved": "https://registry.npmjs.org/@dicebear/bottts/-/bottts-9.4.2.tgz",
      "integrity": "sha512-tsx+dII7EFUCVA8URj66G1GqORCCVduCAx4dY2prEY2IeFianVpkntXuFsWZ9BBGx1NZFndvDith5oTwKMQPbQ==",
      "license": "See LICENSE file",
      "engines": {
        "node": ">=18.0.0"
      },
      "peerDependencies": {
        "@dicebear/core": "^9.0.0"
      }
    },
    "node_modules/@dicebear/bottts-neutral": {
      "version": "9.4.2",
      "resolved": "https://registry.npmjs.org/@dicebear/bottts-neutral/-/bottts-neutral-9.4.2.tgz",
      "integrity": "sha512-kFNwWt6j+gzZ5n5Pz7WVwePubREAQOF8ZwWA9ztwVYDVMLnOChWbAofy5FED4j5md2MXFH2EgLCFCMr5K2BmIA==",
      "license": "See LICENSE file",
      "engines": {
        "node": ">=18.0.0"
      },
      "peerDependencies": {
        "@dicebear/core": "^9.0.0"
      }
    },
    "node_modules/@dicebear/core": {
      "version": "9.4.3",
      "resolved": "https://registry.npmjs.org/@dicebear/core/-/core-9.4.3.tgz",
      "integrity": "sha512-9ITrQI57k3p5hKuU8HZJ1d0kPdrmTKEJDOdlKQ8CpaChbtmnD1R+dtWmNz5IesYThXM8F64pJ0ZvJ2rsY8Hciw==",
      "license": "MIT",
      "dependencies": {
        "@types/json-schema": "^7.0.15"
      },
      "engines": {
        "node": ">=18.0.0"
      }
    },
    "node_modules/@dicebear/identicon": {
      "version": "9.4.2",
      "resolved": "https://registry.npmjs.org/@dicebear/identicon/-/identicon-9.4.2.tgz",
      "integrity": "sha512-JVDSmZsv11mSWqwAktK5x9Bslht2xY3TFUn8xzu6slAYe1Z7hEXZ76eb+UJ6F4qEzdwZ7xPWzAS6Nb0Y3A0pww==",
      "license": "MIT",
      "engines": {
        "node": ">=18.0.0"
      },
      "peerDependencies": {
        "@dicebear/core": "^9.0.0"
      }
    },
    "node_modules/@dicebear/lorelei": {
      "version": "9.4.2",
      "resolved": "https://registry.npmjs.org/@dicebear/lorelei/-/lorelei-9.4.2.tgz",
      "integrity": "sha512-YMv6vnriW6VLFDsreKuOnUFFno6SRe7+7X7R7zPY0rZ+MaHX9V3jcioIG+1PSjIHEDfOLUHpr5vd1JBWv8y7UA==",
      "license": "MIT",
      "engines": {
        "node": ">=18.0.0"
      },
      "peerDependencies": {
        "@dicebear/core": "^9.0.0"
      }
    },
    "node_modules/@dicebear/micah": {
      "version": "9.4.2",
      "resolved": "https://registry.npmjs.org/@dicebear/micah/-/micah-9.4.2.tgz",
      "integrity": "sha512-e4D3W/OlChSsLo7Llwsy0J18vk0azJqF/uFoY+EKACCNHBc1HGNsqVvu2CTf+OWOA8wTyAK6UkjBN5p01r7D+g==",
      "license": "(MIT AND CC-BY-4.0)",
      "engines": {
        "node": ">=18.0.0"
      },
      "peerDependencies": {
        "@dicebear/core": "^9.0.0"
      }
    },
    "node_modules/@dicebear/notionists": {
      "version": "9.4.2",
      "resolved": "https://registry.npmjs.org/@dicebear/notionists/-/notionists-9.4.2.tgz",
      "integrity": "sha512-ZCySq+nxcD/x4xyYgytcj2N9uY3gxrL+qpnmOdp2BdA221KacVrxlsUPpIgEMqxS2rMmBQXfxg129Pzn4ycIpA==",
      "license": "MIT",
      "engines": {
        "node": ">=18.0.0"
      },
      "peerDependencies": {
        "@dicebear/core": "^9.0.0"
      }
    },
    "node_modules/@dicebear/open-peeps": {
      "version": "9.4.2",
      "resolved": "https://registry.npmjs.org/@dicebear/open-peeps/-/open-peeps-9.4.2.tgz",
      "integrity": "sha512-i01tLgtp2g937T81sVeAOVlqsCtiTck/Kw20g7hN80+7xrXjOUepz2HPLy3HeiMjwjMGRy5o54kSd0/8Ht4Dqg==",
      "license": "MIT",
      "engines": {
        "node": ">=18.0.0"
      },
      "peerDependencies": {
        "@dicebear/core": "^9.0.0"
      }
    },
    "node_modules/@dicebear/rings": {
      "version": "9.4.2",
      "resolved": "https://registry.npmjs.org/@dicebear/rings/-/rings-9.4.2.tgz",
      "integrity": "sha512-Pc3ymWrRDQPJFNrbbLt7RJrzGvUuuxUiDkrfLhoVE+B6mZWEL1PC78DPbS1yUWYLErJOpJuM2GSwXmTbVjWf+g==",
      "license": "MIT",
      "engines": {
        "node": ">=18.0.0"
      },
      "peerDependencies": {
        "@dicebear/core": "^9.0.0"
      }
    },
    "node_modules/@dicebear/shapes": {
      "version": "9.4.2",
      "resolved": "https://registry.npmjs.org/@dicebear/shapes/-/shapes-9.4.2.tgz",
      "integrity": "sha512-AFL6jAaiLztvcqyq+ds+lWZu6Vbp3PlGWhJeJRm842jxtiluJpl6r4f6nUXP2fdMz7MNpDzXfLooQK9E04NbUQ==",
      "license": "MIT",
      "engines": {
        "node": ">=18.0.0"
      },
      "peerDependencies": {
        "@dicebear/core": "^9.0.0"
      }
    },
    "node_modules/@dicebear/thumbs": {
      "version": "9.4.2",
      "resolved": "https://registry.npmjs.org/@dicebear/thumbs/-/thumbs-9.4.2.tgz",
      "integrity": "sha512-ccWvDBqbkWS5uzHbsg5L6uML6vBfX7jT3J3jHCQksvz8haHItxTK02w+6e1UavZUsvza4lG5X/XY3eji3siJ4Q==",
      "license": "MIT",
      "engines": {
        "node": ">=18.0.0"
      },
      "peerDependencies": {
        "@dicebear/core": "^9.0.0"
      }
    },
    "node_modules/@types/json-schema": {
      "version": "7.0.15",
      "resolved": "https://registry.npmjs.org/@types/json-schema/-/json-schema-7.0.15.tgz",
      "integrity": "sha512-5+fP8P8MFNC+AyZCDxrB2pkZFPGzqQWUzpSeuuVLvm8VMcorNYavBqoFcxK8bQz4Qsbn4oUEEem4wDLfcysGHA==",
      "license": "MIT"
    },
    "node_modules/dejavu-fonts-ttf": {
      "version": "2.37.3",
      "resolved": "https://registry.npmjs.org/dejavu-fonts-ttf/-/dejavu-fonts-ttf-2.37.3.tgz",
      "integrity": "sha512-f1hd7jJbeQa1VWcw+K2KrTXS50zTMaHpVC4XIKJpNcDeYR5ajMtj/iLlQDYNvLOKamUB3ARVVCf79lNwNVztSQ==",
      "license": "SEE LICENSE IN README.md AND LICENSE"
    },
    "node_modules/marked": {
      "version": "16.4.2",
      "resolved": "https://registry.npmjs.org/marked/-/marked-16.4.2.tgz",
      "integrity": "sha512-TI3V8YYWvkVf3KJe1dRkpnjs68JUPyEa5vjKrp1XEEJUAOaQc+Qj+L1qWbPd0SJuAdQkFU0h73sXXqwDYxsiDA==",
      "license": "MIT",
      "bin": {
        "marked": "bin/marked.js"
      },
      "engines": {
        "node": ">= 20"
      }
    },
    "node_modules/openscad-wasm": {
      "version": "0.0.4",
      "resolved": "https://registry.npmjs.org/openscad-wasm/-/openscad-wasm-0.0.4.tgz",
      "integrity": "sha512-ChYe3cgL4JBstRVrR6XnhvF/4E9EsFR1kmGks7eTIT2awSMYVkoeYmFLt80h4V4J/DPIJw106MhIiIv6V9XpLA==",
      "license": "GPL-2.0"
    },
    "node_modules/three": {
      "version": "0.170.0",
      "resolved": "https://registry.npmjs.org/three/-/three-0.170.0.tgz",
      "integrity": "sha512-FQK+LEpYc0fBD+J8g6oSEyyNzjp+Q7Ks1C568WWaoMRLW+TkNNWmenWeGgJjV105Gd+p/2ql1ZcjYvNiPZBhuQ==",
      "license": "MIT"
    }
  }
}
